{
    "_readme": [
        "This file locks the dependencies of your project to a known state",
        "Read more about it at https://getcomposer.org/doc/01-basic-usage.md#composer-lock-the-lock-file",
        "This file is @generated automatically"
    ],
    "hash": "9eee4ce0fd96cec476eaae902f725fdb",
    "content-hash": "0532b0ad29a029f02bb32d32bef503a5",
    "packages": [
        {
            "name": "facetwp/github-updater-lite",
            "version": "1.0.1",
            "source": {
                "type": "git",
                "url": "https://github.com/FacetWP/github-updater-lite.git",
                "reference": "e900cff0b953c6e1ff494ac25dd224360687f2ee"
            },
            "dist": {
                "type": "zip",
                "url": "https://api.github.com/repos/FacetWP/github-updater-lite/zipball/e900cff0b953c6e1ff494ac25dd224360687f2ee",
                "reference": "e900cff0b953c6e1ff494ac25dd224360687f2ee",
                "shasum": ""
            },
            "type": "library",
            "notification-url": "https://packagist.org/downloads/",
            "license": [
                "MIT"
            ],
            "authors": [
                {
                    "name": "Matt Gibbs",
                    "homepage": "https://facetwp.com/"
                }
            ],
            "description": "Drop-in support for GitHub automatic updates",
            "homepage": "https://facetwp.com/",
            "keywords": [
                "github",
                "plugin",
                "updates",
                "wordpress"
            ],
            "time": "2017-01-17 13:48:24"
        },
        {
            "name": "pimple/pimple",
            "version": "v3.0.2",
            "source": {
                "type": "git",
                "url": "https://github.com/silexphp/Pimple.git",
                "reference": "a30f7d6e57565a2e1a316e1baf2a483f788b258a"
            },
            "dist": {
                "type": "zip",
                "url": "https://api.github.com/repos/silexphp/Pimple/zipball/a30f7d6e57565a2e1a316e1baf2a483f788b258a",
                "reference": "a30f7d6e57565a2e1a316e1baf2a483f788b258a",
                "shasum": ""
            },
            "require": {
                "php": ">=5.3.0"
            },
            "type": "library",
            "extra": {
                "branch-alias": {
                    "dev-master": "3.0.x-dev"
                }
            },
            "autoload": {
                "psr-0": {
                    "Pimple": "src/"
                }
            },
            "notification-url": "https://packagist.org/downloads/",
            "license": [
                "MIT"
            ],
            "authors": [
                {
                    "name": "Fabien Potencier",
                    "email": "fabien@symfony.com"
                }
            ],
            "description": "Pimple, a simple Dependency Injection Container",
            "homepage": "http://pimple.sensiolabs.org",
            "keywords": [
                "container",
                "dependency injection"
            ],
            "time": "2015-09-11 15:10:35"
        }
    ],
    "packages-dev": [],
    "aliases": [],
    "minimum-stability": "stable",
    "stability-flags": [],
    "prefer-stable": false,
    "prefer-lowest": false,
    "platform": [],
    "platform-dev": []
}
